{
  "name": "beamhop-browser-extension",
  "lockfileVersion": 3,
  "requires": true,
  "packages": {
    "": {
      "name": "beamhop-browser-extension",
      "devDependencies": {
        "@mozilla/readability": "0.6.0"
      }
    },
    "node_modules/@mozilla/readability": {
      "version": "0.6.0",
      "resolved": "https://registry.npmjs.org/@mozilla/readability/-/readability-0.6.0.tgz",
      "integrity": "sha512-juG5VWh4qAivzTAeMzvY9xs9HY5rAcr2E4I7tiSSCokRFi7XIZCAu92ZkSTsIj1OPceCifL3cpfteP3pDT9/QQ==",
      "dev": true,
      "license": "Apache-2.0",
      "engines": {
        "node": ">=14.0.0"
      }
    }
  }
}
